
Microsoft Visual Studio Solution File, Format Version 12.00
# Visual Studio Version 16
VisualStudioVersion = 16.0.34407.143
MinimumVisualStudioVersion = 10.0.40219.1
Project("{8BC9CEB8-8B4A-11D0-8D11-00A0C91BC942}") = "Server", "Server\Server.vcxproj", "{9B28380E-0073-4279-82A1-39469A7C9212}"
EndProject
Project("{8BC9CEB8-8B4A-11D0-8D11-00A0C91BC942}") = "Agent", "Agent\Agent.vcxproj", "{5B5F6A44-3A0A-4BC5-80BE-E736BA0F5A30}"
EndProject
Project("{8BC9CEB8-8B4A-11D0-8D11-00A0C91BC942}") = "Client", "Client\Client.vcxproj", "{A4CE07CC-FB39-4787-8D14-74149011C319}"
EndProject
Project("{8BC9CEB8-8B4A-11D0-8D11-00A0C91BC942}") = "test_demo_C++", "test_demo_C++\test_demo_C++.vcxproj", "{05098F95-C61F-4D11-BFE0-95C47CCB7CE4}"
EndProject
Global
	GlobalSection(SolutionConfigurationPlatforms) = preSolution
		Debug|ARM = Debug|ARM
		Debug|ARM64 = Debug|ARM64
		Debug|x64 = Debug|x64
		Debug|x86 = Debug|x86
		Release|ARM = Release|ARM
		Release|ARM64 = Release|ARM64
		Release|x64 = Release|x64
		Release|x86 = Release|x86
	EndGlobalSection
	GlobalSection(ProjectConfigurationPlatforms) = postSolution
		{9B28380E-0073-4279-82A1-39469A7C9212}.Debug|ARM.ActiveCfg = Debug|ARM
		{9B28380E-0073-4279-82A1-39469A7C9212}.Debug|ARM.Build.0 = Debug|ARM
		{9B28380E-0073-4279-82A1-39469A7C9212}.Debug|ARM.Deploy.0 = Debug|ARM
		{9B28380E-0073-4279-82A1-39469A7C9212}.Debug|ARM64.ActiveCfg = Debug|ARM64
		{9B28380E-0073-4279-82A1-39469A7C9212}.Debug|ARM64.Build.0 = Debug|ARM64
		{9B28380E-0073-4279-82A1-39469A7C9212}.Debug|ARM64.Deploy.0 = Debug|ARM64
		{9B28380E-0073-4279-82A1-39469A7C9212}.Debug|x64.ActiveCfg = Debug|x64
		{9B28380E-0073-4279-82A1-39469A7C9212}.Debug|x64.Build.0 = Debug|x64
		{9B28380E-0073-4279-82A1-39469A7C9212}.Debug|x64.Deploy.0 = Debug|x64
		{9B28380E-0073-4279-82A1-39469A7C9212}.Debug|x86.ActiveCfg = Debug|x86
		{9B28380E-0073-4279-82A1-39469A7C9212}.Debug|x86.Build.0 = Debug|x86
		{9B28380E-0073-4279-82A1-39469A7C9212}.Debug|x86.Deploy.0 = Debug|x86
		{9B28380E-0073-4279-82A1-39469A7C9212}.Release|ARM.ActiveCfg = Release|ARM
		{9B28380E-0073-4279-82A1-39469A7C9212}.Release|ARM.Build.0 = Release|ARM
		{9B28380E-0073-4279-82A1-39469A7C9212}.Release|ARM.Deploy.0 = Release|ARM
		{9B28380E-0073-4279-82A1-39469A7C9212}.Release|ARM64.ActiveCfg = Release|ARM64
		{9B28380E-0073-4279-82A1-39469A7C9212}.Release|ARM64.Build.0 = Release|ARM64
		{9B28380E-0073-4279-82A1-39469A7C9212}.Release|ARM64.Deploy.0 = Release|ARM64
		{9B28380E-0073-4279-82A1-39469A7C9212}.Release|x64.ActiveCfg = Release|x64
		{9B28380E-0073-4279-82A1-39469A7C9212}.Release|x64.Build.0 = Release|x64
		{9B28380E-0073-4279-82A1-39469A7C9212}.Release|x64.Deploy.0 = Release|x64
		{9B28380E-0073-4279-82A1-39469A7C9212}.Release|x86.ActiveCfg = Release|x86
		{9B28380E-0073-4279-82A1-39469A7C9212}.Release|x86.Build.0 = Release|x86
		{9B28380E-0073-4279-82A1-39469A7C9212}.Release|x86.Deploy.0 = Release|x86
		{5B5F6A44-3A0A-4BC5-80BE-E736BA0F5A30}.Debug|ARM.ActiveCfg = Debug|Win32
		{5B5F6A44-3A0A-4BC5-80BE-E736BA0F5A30}.Debug|ARM64.ActiveCfg = Debug|Win32
		{5B5F6A44-3A0A-4BC5-80BE-E736BA0F5A30}.Debug|x64.ActiveCfg = Debug|x64
		{5B5F6A44-3A0A-4BC5-80BE-E736BA0F5A30}.Debug|x64.Build.0 = Debug|x64
		{5B5F6A44-3A0A-4BC5-80BE-E736BA0F5A30}.Debug|x86.ActiveCfg = Debug|Win32
		{5B5F6A44-3A0A-4BC5-80BE-E736BA0F5A30}.Debug|x86.Build.0 = Debug|Win32
		{5B5F6A44-3A0A-4BC5-80BE-E736BA0F5A30}.Release|ARM.ActiveCfg = Release|Win32
		{5B5F6A44-3A0A-4BC5-80BE-E736BA0F5A30}.Release|ARM64.ActiveCfg = Release|Win32
		{5B5F6A44-3A0A-4BC5-80BE-E736BA0F5A30}.Release|x64.ActiveCfg = Release|x64
		{5B5F6A44-3A0A-4BC5-80BE-E736BA0F5A30}.Release|x64.Build.0 = Release|x64
		{5B5F6A44-3A0A-4BC5-80BE-E736BA0F5A30}.Release|x86.ActiveCfg = Release|Win32
		{5B5F6A44-3A0A-4BC5-80BE-E736BA0F5A30}.Release|x86.Build.0 = Release|Win32
		{A4CE07CC-FB39-4787-8D14-74149011C319}.Debug|ARM.ActiveCfg = Debug|Win32
		{A4CE07CC-FB39-4787-8D14-74149011C319}.Debug|ARM64.ActiveCfg = Debug|Win32
		{A4CE07CC-FB39-4787-8D14-74149011C319}.Debug|x64.ActiveCfg = Debug|x64
		{A4CE07CC-FB39-4787-8D14-74149011C319}.Debug|x64.Build.0 = Debug|x64
		{A4CE07CC-FB39-4787-8D14-74149011C319}.Debug|x86.ActiveCfg = Debug|Win32
		{A4CE07CC-FB39-4787-8D14-74149011C319}.Debug|x86.Build.0 = Debug|Win32
		{A4CE07CC-FB39-4787-8D14-74149011C319}.Release|ARM.ActiveCfg = Release|Win32
		{A4CE07CC-FB39-4787-8D14-74149011C319}.Release|ARM64.ActiveCfg = Release|Win32
		{A4CE07CC-FB39-4787-8D14-74149011C319}.Release|x64.ActiveCfg = Release|x64
		{A4CE07CC-FB39-4787-8D14-74149011C319}.Release|x64.Build.0 = Release|x64
		{A4CE07CC-FB39-4787-8D14-74149011C319}.Release|x86.ActiveCfg = Release|Win32
		{A4CE07CC-FB39-4787-8D14-74149011C319}.Release|x86.Build.0 = Release|Win32
		{05098F95-C61F-4D11-BFE0-95C47CCB7CE4}.Debug|ARM.ActiveCfg = Debug|Win32
		{05098F95-C61F-4D11-BFE0-95C47CCB7CE4}.Debug|ARM64.ActiveCfg = Debug|Win32
		{05098F95-C61F-4D11-BFE0-95C47CCB7CE4}.Debug|x64.ActiveCfg = Debug|x64
		{05098F95-C61F-4D11-BFE0-95C47CCB7CE4}.Debug|x64.Build.0 = Debug|x64
		{05098F95-C61F-4D11-BFE0-95C47CCB7CE4}.Debug|x86.ActiveCfg = Debug|Win32
		{05098F95-C61F-4D11-BFE0-95C47CCB7CE4}.Debug|x86.Build.0 = Debug|Win32
		{05098F95-C61F-4D11-BFE0-95C47CCB7CE4}.Release|ARM.ActiveCfg = Release|Win32
		{05098F95-C61F-4D11-BFE0-95C47CCB7CE4}.Release|ARM64.ActiveCfg = Release|Win32
		{05098F95-C61F-4D11-BFE0-95C47CCB7CE4}.Release|x64.ActiveCfg = Release|x64
		{05098F95-C61F-4D11-BFE0-95C47CCB7CE4}.Release|x64.Build.0 = Release|x64
		{05098F95-C61F-4D11-BFE0-95C47CCB7CE4}.Release|x86.ActiveCfg = Release|Win32
		{05098F95-C61F-4D11-BFE0-95C47CCB7CE4}.Release|x86.Build.0 = Release|Win32
	EndGlobalSection
	GlobalSection(SolutionProperties) = preSolution
		HideSolutionNode = FALSE
	EndGlobalSection
	GlobalSection(ExtensibilityGlobals) = postSolution
		SolutionGuid = {2DCCF01A-B0D9-4A0C-B0BE-9B2165200528}
	EndGlobalSection
EndGlobal
